// !$*UTF8*$!
{
	archiveVersion = 1;
	classes = {
	};
	objectVersion = 55;
	objects = {

/* Begin PBXBuildFile section */
		A9BC27CB2849AA9500F41E7E /* AppDelegate.swift in Sources */ = {isa = PBXBuildFile; fileRef = A9BC27CA2849AA9500F41E7E /* AppDelegate.swift */; };
		A9BC27CD2849AA9500F41E7E /* SceneDelegate.swift in Sources */ = {isa = PBXBuildFile; fileRef = A9BC27CC2849AA9500F41E7E /* SceneDelegate.swift */; };
		A9BC27CF2849AA9500F41E7E /* ViewController.swift in Sources */ = {isa = PBXBuildFile; fileRef = A9BC27CE2849AA9500F41E7E /* ViewController.swift */; };
		A9BC27D22849AA9500F41E7E /* Main.storyboard in Resources */ = {isa = PBXBuildFile; fileRef = A9BC27D02849AA9500F41E7E /* Main.storyboard */; };
		A9BC27D42849AA9700F41E7E /* Assets.xcassets in Resources */ = {isa = PBXBuildFile; fileRef = A9BC27D32849AA9700F41E7E /* Assets.xcassets */; };
		A9BC27D72849AA9700F41E7E /* LaunchScreen.storyboard in Resources */ = {isa = PBXBuildFile; fileRef = A9BC27D52849AA9700F41E7E /* LaunchScreen.storyboard */; };
		A9BC27E22849B11D00F41E7E /* ViewModel.swift in Sources */ = {isa = PBXBuildFile; fileRef = A9BC27E12849B11D00F41E7E /* ViewModel.swift */; };
		A9BC27E42849B35B00F41E7E /* Search.swift in Sources */ = {isa = PBXBuildFile; fileRef = A9BC27E32849B35B00F41E7E /* Search.swift */; };
		A9BC27E62849BDBB00F41E7E /* MusicPlayer.swift in Sources */ = {isa = PBXBuildFile; fileRef = A9BC27E52849BDBB00F41E7E /* MusicPlayer.swift */; };
		A9BC27ED284A09A700F41E7E /* URL+Extension.swift in Sources */ = {isa = PBXBuildFile; fileRef = A9BC27EC284A09A700F41E7E /* URL+Extension.swift */; };
/* End PBXBuildFile section */

/* Begin PBXFileReference section */
		A9BC27C72849AA9500F41E7E /* itune.app */ = {isa = PBXFileReference; explicitFileType = wrapper.application; includeInIndex = 0; path = itune.app; sourceTree = BUILT_PRODUCTS_DIR; };
		A9BC27CA2849AA9500F41E7E /* AppDelegate.swift */ = {isa = PBXFileReference; lastKnownFileType = sourcecode.swift; path = AppDelegate.swift; sourceTree = "<group>"; };
		A9BC27CC2849AA9500F41E7E /* SceneDelegate.swift */ = {isa = PBXFileReference; lastKnownFileType = sourcecode.swift; path = SceneDelegate.swift; sourceTree = "<group>"; };
		A9BC27CE2849AA9500F41E7E /* ViewController.swift */ = {isa = PBXFileReference; lastKnownFileType = sourcecode.swift; path = ViewController.swift; sourceTree = "<group>"; };
		A9BC27D12849AA9500F41E7E /* Base */ = {isa = PBXFileReference; lastKnownFileType = file.storyboard; name = Base; path = Base.lproj/Main.storyboard; sourceTree = "<group>"; };
		A9BC27D32849AA9700F41E7E /* Assets.xcassets */ = {isa = PBXFileReference; lastKnownFileType = folder.assetcatalog; path = Assets.xcassets; sourceTree = "<group>"; };
		A9BC27D62849AA9700F41E7E /* Base */ = {isa = PBXFileReference; lastKnownFileType = file.storyboard; name = Base; path = Base.lproj/LaunchScreen.storyboard; sourceTree = "<group>"; };
		A9BC27D82849AA9700F41E7E /* Info.plist */ = {isa = PBXFileReference; lastKnownFileType = text.plist.xml; path = Info.plist; sourceTree = "<group>"; };
		A9BC27E12849B11D00F41E7E /* ViewModel.swift */ = {isa = PBXFileReference; lastKnownFileType = sourcecode.swift; path = ViewModel.swift; sourceTree = "<group>"; };
		A9BC27E32849B35B00F41E7E /* Search.swift */ = {isa = PBXFileReference; lastKnownFileType = sourcecode.swift; path = Search.swift; sourceTree = "<group>"; };
		A9BC27E52849BDBB00F41E7E /* MusicPlayer.swift */ = {isa = PBXFileReference; lastKnownFileType = sourcecode.swift; path = MusicPlayer.swift; sourceTree = "<group>"; };
		A9BC27EC284A09A700F41E7E /* URL+Extension.swift */ = {isa = PBXFileReference; lastKnownFileType = sourcecode.swift; path = "URL+Extension.swift"; sourceTree = "<group>"; };
/* End PBXFileReference section */

/* Begin PBXFrameworksBuildPhase section */
		A9BC27C42849AA9500F41E7E /* Frameworks */ = {
			isa = PBXFrameworksBuildPhase;
			buildActionMask = 2147483647;
			files = (
			);
			runOnlyForDeploymentPostprocessing = 0;
		};
/* End PBXFrameworksBuildPhase section */

/* Begin PBXGroup section */
		A9BC27BE2849AA9500F41E7E = {
			isa = PBXGroup;
			children = (
				A9BC27C92849AA9500F41E7E /* iTunes */,
				A9BC27C82849AA9500F41E7E /* Products */,
			);
			sourceTree = "<group>";
		};
		A9BC27C82849AA9500F41E7E /* Products */ = {
			isa = PBXGroup;
			children = (
				A9BC27C72849AA9500F41E7E /* itune.app */,
			);
			name = Products;
			sourceTree = "<group>";
		};
		A9BC27C92849AA9500F41E7E /* iTunes */ = {
			isa = PBXGroup;
			children = (
				A9BC27F0284A0F4800F41E7E /* Page */,
				A9BC27F1284A0F5200F41E7E /* Shared */,
				A9BC27F2284A0F5D00F41E7E /* Model */,
				A9BC27CA2849AA9500F41E7E /* AppDelegate.swift */,
				A9BC27CC2849AA9500F41E7E /* SceneDelegate.swift */,
				A9BC27D32849AA9700F41E7E /* Assets.xcassets */,
				A9BC27D02849AA9500F41E7E /* Main.storyboard */,
				A9BC27D52849AA9700F41E7E /* LaunchScreen.storyboard */,
				A9BC27D82849AA9700F41E7E /* Info.plist */,
			);
			path = iTunes;
			sourceTree = "<group>";
		};
		A9BC27F0284A0F4800F41E7E /* Page */ = {
			isa = PBXGroup;
			children = (
				A9BC27CE2849AA9500F41E7E /* ViewController.swift */,
				A9BC27E12849B11D00F41E7E /* ViewModel.swift */,
			);
			path = Page;
			sourceTree = "<group>";
		};
		A9BC27F1284A0F5200F41E7E /* Shared */ = {
			isa = PBXGroup;
			children = (
				A9BC27E52849BDBB00F41E7E /* MusicPlayer.swift */,
				A9BC27EC284A09A700F41E7E /* URL+Extension.swift */,
			);
			path = Shared;
			sourceTree = "<group>";
		};
		A9BC27F2284A0F5D00F41E7E /* Model */ = {
			isa = PBXGroup;
			children = (
				A9BC27E32849B35B00F41E7E /* Search.swift */,
			);
			path = Model;
			sourceTree = "<group>";
		};
/* End PBXGroup section */

/* Begin PBXNativeTarget section */
		A9BC27C62849AA9500F41E7E /* itune */ = {
			isa = PBXNativeTarget;
			buildConfigurationList = A9BC27DB2849AA9700F41E7E /* Build configuration list for PBXNativeTarget "itune" */;
			buildPhases = (
				A9BC27C32849AA9500F41E7E /* Sources */,
				A9BC27C42849AA9500F41E7E /* Frameworks */,
				A9BC27C52849AA9500F41E7E /* Resources */,
			);
			buildRules = (
			);
			dependencies = (
			);
			name = itune;
			productName = itune;
			productReference = A9BC27C72849AA9500F41E7E /* itune.app */;
			productType = "com.apple.product-type.application";
		};
/* End PBXNativeTarget section */

/* Begin PBXProject section */
		A9BC27BF2849AA9500F41E7E /* Project object */ = {
			isa = PBXProject;
			attributes = {
				BuildIndependentTargetsInParallel = 1;
				LastSwiftUpdateCheck = 1300;
				LastUpgradeCheck = 1300;
				TargetAttributes = {
					A9BC27C62849AA9500F41E7E = {
						CreatedOnToolsVersion = 13.0;
					};
				};
			};
			buildConfigurationList = A9BC27C22849AA9500F41E7E /* Build configuration list for PBXProject "iTunes" */;
			compatibilityVersion = "Xcode 13.0";
			developmentRegion = en;
			hasScannedForEncodings = 0;
			knownRegions = (
				en,
				Base,
			);
			mainGroup = A9BC27BE2849AA9500F41E7E;
			productRefGroup = A9BC27C82849AA9500F41E7E /* Products */;
			projectDirPath = "";
			projectRoot = "";
			targets = (
				A9BC27C62849AA9500F41E7E /* itune */,
			);
		};
/* End PBXProject section */

/* Begin PBXResourcesBuildPhase section */
		A9BC27C52849AA9500F41E7E /* Resources */ = {
			isa = PBXResourcesBuildPhase;
			buildActionMask = 2147483647;
			files = (
				A9BC27D72849AA9700F41E7E /* LaunchScreen.storyboard in Resources */,
				A9BC27D42849AA9700F41E7E /* Assets.xcassets in Resources */,
				A9BC27D22849AA9500F41E7E /* Main.storyboard in Resources */,
			);
			runOnlyForDeploymentPostprocessing = 0;
		};
/* End PBXResourcesBuildPhase section */

/* Begin PBXSourcesBuildPhase section */
		A9BC27C32849AA9500F41E7E /* Sources */ = {
			isa = PBXSourcesBuildPhase;
			buildActionMask = 2147483647;
			files = (
				A9BC27CF2849AA9500F41E7E /* ViewController.swift in Sources */,
				A9BC27CB2849AA9500F41E7E /* AppDelegate.swift in Sources */,
				A9BC27E62849BDBB00F41E7E /* MusicPlayer.swift in Sources */,
				A9BC27E42849B35B00F41E7E /* Search.swift in Sources */,
				A9BC27E22849B11D00F41E7E /* ViewModel.swift in Sources */,
				A9BC27ED284A09A700F41E7E /* URL+Extension.swift in Sources */,
				A9BC27CD2849AA9500F41E7E /* SceneDelegate.swift in Sources */,
			);
			runOnlyForDeploymentPostprocessing = 0;
		};
/* End PBXSourcesBuildPhase section */

/* Begin PBXVariantGroup section */
		A9BC27D02849AA9500F41E7E /* Main.storyboard */ = {
			isa = PBXVariantGroup;
			children = (
				A9BC27D12849AA9500F41E7E /* Base */,
			);
			name = Main.storyboard;
			sourceTree = "<group>";
		};
		A9BC27D52849AA9700F41E7E /* LaunchScreen.storyboard */ = {
			isa = PBXVariantGroup;
			children = (
				A9BC27D62849AA9700F41E7E /* Base */,
			);
			name = LaunchScreen.storyboard;
			sourceTree = "<group>";
		};
/* End PBXVariantGroup section */

/* Begin XCBuildConfiguration section */
		A9BC27D92849AA9700F41E7E /* Debug */ = {
			isa = XCBuildConfiguration;
			buildSettings = {
				ALWAYS_SEARCH_USER_PATHS = NO;
				CLANG_ANALYZER_NONNULL = YES;
				CLANG_ANALYZER_NUMBER_OBJECT_CONVERSION = YES_AGGRESSIVE;
				CLANG_CXX_LANGUAGE_STANDARD = "gnu++17";
				CLANG_CXX_LIBRARY = "libc++";
				CLANG_ENABLE_MODULES = YES;
				CLANG_ENABLE_OBJC_ARC = YES;
				CLANG_ENABLE_OBJC_WEAK = YES;
				CLANG_WARN_BLOCK_CAPTURE_AUTORELEASING = YES;
				CLANG_WARN_BOOL_CONVERSION = YES;
				CLANG_WARN_COMMA = YES;
				CLANG_WARN_CONSTANT_CONVERSION = YES;
				CLANG_WARN_DEPRECATED_OBJC_IMPLEMENTATIONS = YES;
				CLANG_WARN_DIRECT_OBJC_ISA_USAGE = YES_ERROR;
				CLANG_WARN_DOCUMENTATION_COMMENTS = YES;
				CLANG_WARN_EMPTY_BODY = YES;
				CLANG_WARN_ENUM_CONVERSION = YES;
				CLANG_WARN_INFINITE_RECURSION = YES;
				CLANG_WARN_INT_CONVERSION = YES;
				CLANG_WARN_NON_LITERAL_NULL_CONVERSION = YES;
				CLANG_WARN_OBJC_IMPLICIT_RETAIN_SELF = YES;
				CLANG_WARN_OBJC_LITERAL_CONVERSION = YES;
				CLANG_WARN_OBJC_ROOT_CLASS = YES_ERROR;
				CLANG_WARN_QUOTED_INCLUDE_IN_FRAMEWORK_HEADER = YES;
				CLANG_WARN_RANGE_LOOP_ANALYSIS = YES;
				CLANG_WARN_STRICT_PROTOTYPES = YES;
				CLANG_WARN_SUSPICIOUS_MOVE = YES;
				CLANG_WARN_UNGUARDED_AVAILABILITY = YES_AGGRESSIVE;
				CLANG_WARN_UNREACHABLE_CODE = YES;
				CLANG_WARN__DUPLICATE_METHOD_MATCH = YES;
				COPY_PHASE_STRIP = NO;
				DEBUG_INFORMATION_FORMAT = dwarf;
				ENABLE_STRICT_OBJC_MSGSEND = YES;
				ENABLE_TESTABILITY = YES;
				GCC_C_LANGUAGE_STANDARD = gnu11;
				GCC_DYNAMIC_NO_PIC = NO;
				GCC_NO_COMMON_BLOCKS = YES;
				GCC_OPTIMIZATION_LEVEL = 0;
				GCC_PREPROCESSOR_DEFINITIONS = (
					"DEBUG=1",
					"$(inherited)",
				);
				GCC_WARN_64_TO_32_BIT_CONVERSION = YES;
				GCC_WARN_ABOUT_RETURN_TYPE = YES_ERROR;
				GCC_WARN_UNDECLARED_SELECTOR = YES;
				GCC_WARN_UNINITIALIZED_AUTOS = YES_AGGRESSIVE;
				GCC_WARN_UNUSED_FUNCTION = YES;
				GCC_WARN_UNUSED_VARIABLE = YES;
				IPHONEOS_DEPLOYMENT_TARGET = 13.0;
				MTL_ENABLE_DEBUG_INFO = INCLUDE_SOURCE;
				MTL_FAST_MATH = YES;
				ONLY_ACTIVE_ARCH = YES;
				SDKROOT = iphoneos;
				SWIFT_ACTIVE_COMPILATION_CONDITIONS = DEBUG;
				SWIFT_OPTIMIZATION_LEVEL = "-Onone";
			};
			name = Debug;
		};
		A9BC27DA2849AA9700F41E7E /* Release */ = {
			isa = XCBuildConfiguration;
			buildSettings = {
				ALWAYS_SEARCH_USER_PATHS = NO;
				CLANG_ANALYZER_NONNULL = YES;
				CLANG_ANALYZER_NUMBER_OBJECT_CONVERSION = YES_AGGRESSIVE;
				CLANG_CXX_LANGUAGE_STANDARD = "gnu++17";
				CLANG_CXX_LIBRARY = "libc++";
				CLANG_ENABLE_MODULES = YES;
				CLANG_ENABLE_OBJC_ARC = YES;
				CLANG_ENABLE_OBJC_WEAK = YES;
				CLANG_WARN_BLOCK_CAPTURE_AUTORELEASING = YES;
				CLANG_WARN_BOOL_CONVERSION = YES;
				CLANG_WARN_COMMA = YES;
				CLANG_WARN_CONSTANT_CONVERSION = YES;
				CLANG_WARN_DEPRECATED_OBJC_IMPLEMENTATIONS = YES;
				CLANG_WARN_DIRECT_OBJC_ISA_USAGE = YES_ERROR;
				CLANG_WARN_DOCUMENTATION_COMMENTS = YES;
				CLANG_WARN_EMPTY_BODY = YES;
				CLANG_WARN_ENUM_CONVERSION = YES;
				CLANG_WARN_INFINITE_RECURSION = YES;
				CLANG_WARN_INT_CONVERSION = YES;
				CLANG_WARN_NON_LITERAL_NULL_CONVERSION = YES;
				CLANG_WARN_OBJC_IMPLICIT_RETAIN_SELF = YES;
				CLANG_WARN_OBJC_LITERAL_CONVERSION = YES;
				CLANG_WARN_OBJC_ROOT_CLASS = YES_ERROR;
				CLANG_WARN_QUOTED_INCLUDE_IN_FRAMEWORK_HEADER = YES;
				CLANG_WARN_RANGE_LOOP_ANALYSIS = YES;
				CLANG_WARN_STRICT_PROTOTYPES = YES;
				CLANG_WARN_SUSPICIOUS_MOVE = YES;
				CLANG_WARN_UNGUARDED_AVAILABILITY = YES_AGGRESSIVE;
				CLANG_WARN_UNREACHABLE_CODE = YES;
				CLANG_WARN__DUPLICATE_METHOD_MATCH = YES;
				COPY_PHASE_STRIP = NO;
				DEBUG_INFORMATION_FORMAT = "dwarf-with-dsym";
				ENABLE_NS_ASSERTIONS = NO;
				ENABLE_STRICT_OBJC_MSGSEND = YES;
				GCC_C_LANGUAGE_STANDARD = gnu11;
				GCC_NO_COMMON_BLOCKS = YES;
				GCC_WARN_64_TO_32_BIT_CONVERSION = YES;
				GCC_WARN_ABOUT_RETURN_TYPE = YES_ERROR;
				GCC_WARN_UNDECLARED_SELECTOR = YES;
				GCC_WARN_UNINITIALIZED_AUTOS = YES_AGGRESSIVE;
				GCC_WARN_UNUSED_FUNCTION = YES;
				GCC_WARN_UNUSED_VARIABLE = YES;
				IPHONEOS_DEPLOYMENT_TARGET = 13.0;
				MTL_ENABLE_DEBUG_INFO = NO;
				MTL_FAST_MATH = YES;
				SDKROOT = iphoneos;
				SWIFT_COMPILATION_MODE = wholemodule;
				SWIFT_OPTIMIZATION_LEVEL = "-O";
				VALIDATE_PRODUCT = YES;
			};
			name = Release;
		};
		A9BC27DC2849AA9700F41E7E /* Debug */ = {
			isa = XCBuildConfiguration;
			buildSettings = {
				ASSETCATALOG_COMPILER_APPICON_NAME = AppIcon;
				ASSETCATALOG_COMPILER_GLOBAL_ACCENT_COLOR_NAME = AccentColor;
				CODE_SIGN_STYLE = Automatic;
				CURRENT_PROJECT_VERSION = 1;
				DEVELOPMENT_TEAM = 72M2493FFK;
				GENERATE_INFOPLIST_FILE = YES;
				INFOPLIST_FILE = iTunes/Info.plist;
				INFOPLIST_KEY_CFBundleDisplayName = "iTunes search";
				INFOPLIST_KEY_UIApplicationSupportsIndirectInputEvents = YES;
				INFOPLIST_KEY_UILaunchStoryboardName = LaunchScreen;
				INFOPLIST_KEY_UIMainStoryboardFile = Main;
				INFOPLIST_KEY_UISupportedInterfaceOrientations = UIInterfaceOrientationPortrait;
				INFOPLIST_KEY_UISupportedInterfaceOrientations_iPad = "UIInterfaceOrientationPortrait UIInterfaceOrientationPortraitUpsideDown UIInterfaceOrientationLandscapeLeft UIInterfaceOrientationLandscapeRight";
				INFOPLIST_KEY_UISupportedInterfaceOrientations_iPhone = "UIInterfaceOrientationPortrait UIInterfaceOrientationLandscapeLeft UIInterfaceOrientationLandscapeRight";
				LD_RUNPATH_SEARCH_PATHS = (
					"$(inherited)",
					"@executable_path/Frameworks",
				);
				MARKETING_VERSION = 1.0;
				PRODUCT_BUNDLE_IDENTIFIER = tw.test.itunes;
				PRODUCT_NAME = "$(TARGET_NAME)";
				SWIFT_EMIT_LOC_STRINGS = YES;
				SWIFT_VERSION = 5.0;
				TARGETED_DEVICE_FAMILY = "1,2";
			};
			name = Debug;
		};
		A9BC27DD2849AA9700F41E7E /* Release */ = {
			isa = XCBuildConfiguration;
			buildSettings = {
				ASSETCATALOG_COMPILER_APPICON_NAME = AppIcon;
				ASSETCATALOG_COMPILER_GLOBAL_ACCENT_COLOR_NAME = AccentColor;
				CODE_SIGN_STYLE = Automatic;
				CURRENT_PROJECT_VERSION = 1;
				DEVELOPMENT_TEAM = 72M2493FFK;
				GENERATE_INFOPLIST_FILE = YES;
				INFOPLIST_FILE = iTunes/Info.plist;
				INFOPLIST_KEY_CFBundleDisplayName = "iTunes search";
				INFOPLIST_KEY_UIApplicationSupportsIndirectInputEvents = YES;
				INFOPLIST_KEY_UILaunchStoryboardName = LaunchScreen;
				INFOPLIST_KEY_UIMainStoryboardFile = Main;
				INFOPLIST_KEY_UISupportedInterfaceOrientations = UIInterfaceOrientationPortrait;
				INFOPLIST_KEY_UISupportedInterfaceOrientations_iPad = "UIInterfaceOrientationPortrait UIInterfaceOrientationPortraitUpsideDown UIInterfaceOrientationLandscapeLeft UIInterfaceOrientationLandscapeRight";
				INFOPLIST_KEY_UISupportedInterfaceOrientations_iPhone = "UIInterfaceOrientationPortrait UIInterfaceOrientationLandscapeLeft UIInterfaceOrientationLandscapeRight";
				LD_RUNPATH_SEARCH_PATHS = (
					"$(inherited)",
					"@executable_path/Frameworks",
				);
				MARKETING_VERSION = 1.0;
				PRODUCT_BUNDLE_IDENTIFIER = tw.test.itunes;
				PRODUCT_NAME = "$(TARGET_NAME)";
				SWIFT_EMIT_LOC_STRINGS = YES;
				SWIFT_VERSION = 5.0;
				TARGETED_DEVICE_FAMILY = "1,2";
			};
			name = Release;
		};
/* End XCBuildConfiguration section */

/* Begin XCConfigurationList section */
		A9BC27C22849AA9500F41E7E /* Build configuration list for PBXProject "iTunes" */ = {
			isa = XCConfigurationList;
			buildConfigurations = (
				A9BC27D92849AA9700F41E7E /* Debug */,
				A9BC27DA2849AA9700F41E7E /* Release */,
			);
			defaultConfigurationIsVisible = 0;
			defaultConfigurationName = Release;
		};
		A9BC27DB2849AA9700F41E7E /* Build configuration list for PBXNativeTarget "itune" */ = {
			isa = XCConfigurationList;
			buildConfigurations = (
				A9BC27DC2849AA9700F41E7E /* Debug */,
				A9BC27DD2849AA9700F41E7E /* Release */,
			);
			defaultConfigurationIsVisible = 0;
			defaultConfigurationName = Release;
		};
/* End XCConfigurationList section */
	};
	rootObject = A9BC27BF2849AA9500F41E7E /* Project object */;
}
